// !$*UTF8*$!
{
	archiveVersion = 1;
	classes = {
	};
	objectVersion = 50;
	objects = {

/* Begin PBXBuildFile section */
		A416DA24238EADA300933FC8 /* AppDelegate.swift in Sources */ = {isa = PBXBuildFile; fileRef = A416DA23238EADA300933FC8 /* AppDelegate.swift */; };
		A416DA26238EADA300933FC8 /* SceneDelegate.swift in Sources */ = {isa = PBXBuildFile; fileRef = A416DA25238EADA300933FC8 /* SceneDelegate.swift */; };
		A416DA28238EADA300933FC8 /* TodoListViewController.swift in Sources */ = {isa = PBXBuildFile; fileRef = A416DA27238EADA300933FC8 /* TodoListViewController.swift */; };
		A416DA2B238EADA300933FC8 /* Main.storyboard in Resources */ = {isa = PBXBuildFile; fileRef = A416DA29238EADA300933FC8 /* Main.storyboard */; };
		A416DA2E238EADA300933FC8 /* Todoey.xcdatamodeld in Sources */ = {isa = PBXBuildFile; fileRef = A416DA2C238EADA300933FC8 /* Todoey.xcdatamodeld */; };
		A416DA30238EADA500933FC8 /* Assets.xcassets in Resources */ = {isa = PBXBuildFile; fileRef = A416DA2F238EADA500933FC8 /* Assets.xcassets */; };
		A416DA33238EADA500933FC8 /* LaunchScreen.storyboard in Resources */ = {isa = PBXBuildFile; fileRef = A416DA31238EADA500933FC8 /* LaunchScreen.storyboard */; };
		A416DA3E238EADA500933FC8 /* TodoeyTests.swift in Sources */ = {isa = PBXBuildFile; fileRef = A416DA3D238EADA500933FC8 /* TodoeyTests.swift */; };
		A416DA49238EADA500933FC8 /* TodoeyUITests.swift in Sources */ = {isa = PBXBuildFile; fileRef = A416DA48238EADA500933FC8 /* TodoeyUITests.swift */; };
/* End PBXBuildFile section */

/* Begin PBXContainerItemProxy section */
		A416DA3A238EADA500933FC8 /* PBXContainerItemProxy */ = {
			isa = PBXContainerItemProxy;
			containerPortal = A416DA18238EADA300933FC8 /* Project object */;
			proxyType = 1;
			remoteGlobalIDString = A416DA1F238EADA300933FC8;
			remoteInfo = Todoey;
		};
		A416DA45238EADA500933FC8 /* PBXContainerItemProxy */ = {
			isa = PBXContainerItemProxy;
			containerPortal = A416DA18238EADA300933FC8 /* Project object */;
			proxyType = 1;
			remoteGlobalIDString = A416DA1F238EADA300933FC8;
			remoteInfo = Todoey;
		};
/* End PBXContainerItemProxy section */

/* Begin PBXFileReference section */
		A416DA20238EADA300933FC8 /* Todoey.app */ = {isa = PBXFileReference; explicitFileType = wrapper.application; includeInIndex = 0; path = Todoey.app; sourceTree = BUILT_PRODUCTS_DIR; };
		A416DA23238EADA300933FC8 /* AppDelegate.swift */ = {isa = PBXFileReference; lastKnownFileType = sourcecode.swift; path = AppDelegate.swift; sourceTree = "<group>"; };
		A416DA25238EADA300933FC8 /* SceneDelegate.swift */ = {isa = PBXFileReference; lastKnownFileType = sourcecode.swift; path = SceneDelegate.swift; sourceTree = "<group>"; };
		A416DA27238EADA300933FC8 /* TodoListViewController.swift */ = {isa = PBXFileReference; lastKnownFileType = sourcecode.swift; path = TodoListViewController.swift; sourceTree = "<group>"; };
		A416DA2A238EADA300933FC8 /* Base */ = {isa = PBXFileReference; lastKnownFileType = file.storyboard; name = Base; path = Base.lproj/Main.storyboard; sourceTree = "<group>"; };
		A416DA2D238EADA300933FC8 /* Todoey.xcdatamodel */ = {isa = PBXFileReference; lastKnownFileType = wrapper.xcdatamodel; path = Todoey.xcdatamodel; sourceTree = "<group>"; };
		A416DA2F238EADA500933FC8 /* Assets.xcassets */ = {isa = PBXFileReference; lastKnownFileType = folder.assetcatalog; path = Assets.xcassets; sourceTree = "<group>"; };
		A416DA32238EADA500933FC8 /* Base */ = {isa = PBXFileReference; lastKnownFileType = file.storyboard; name = Base; path = Base.lproj/LaunchScreen.storyboard; sourceTree = "<group>"; };
		A416DA34238EADA500933FC8 /* Info.plist */ = {isa = PBXFileReference; lastKnownFileType = text.plist.xml; path = Info.plist; sourceTree = "<group>"; };
		A416DA39238EADA500933FC8 /* TodoeyTests.xctest */ = {isa = PBXFileReference; explicitFileType = wrapper.cfbundle; includeInIndex = 0; path = TodoeyTests.xctest; sourceTree = BUILT_PRODUCTS_DIR; };
		A416DA3D238EADA500933FC8 /* TodoeyTests.swift */ = {isa = PBXFileReference; lastKnownFileType = sourcecode.swift; path = TodoeyTests.swift; sourceTree = "<group>"; };
		A416DA3F238EADA500933FC8 /* Info.plist */ = {isa = PBXFileReference; lastKnownFileType = text.plist.xml; path = Info.plist; sourceTree = "<group>"; };
		A416DA44238EADA500933FC8 /* TodoeyUITests.xctest */ = {isa = PBXFileReference; explicitFileType = wrapper.cfbundle; includeInIndex = 0; path = TodoeyUITests.xctest; sourceTree = BUILT_PRODUCTS_DIR; };
		A416DA48238EADA500933FC8 /* TodoeyUITests.swift */ = {isa = PBXFileReference; lastKnownFileType = sourcecode.swift; path = TodoeyUITests.swift; sourceTree = "<group>"; };
		A416DA4A238EADA500933FC8 /* Info.plist */ = {isa = PBXFileReference; lastKnownFileType = text.plist.xml; path = Info.plist; sourceTree = "<group>"; };
/* End PBXFileReference section */

/* Begin PBXFrameworksBuildPhase section */
		A416DA1D238EADA300933FC8 /* Frameworks */ = {
			isa = PBXFrameworksBuildPhase;
			buildActionMask = 2147483647;
			files = (
			);
			runOnlyForDeploymentPostprocessing = 0;
		};
		A416DA36238EADA500933FC8 /* Frameworks */ = {
			isa = PBXFrameworksBuildPhase;
			buildActionMask = 2147483647;
			files = (
			);
			runOnlyForDeploymentPostprocessing = 0;
		};
		A416DA41238EADA500933FC8 /* Frameworks */ = {
			isa = PBXFrameworksBuildPhase;
			buildActionMask = 2147483647;
			files = (
			);
			runOnlyForDeploymentPostprocessing = 0;
		};
/* End PBXFrameworksBuildPhase section */

/* Begin PBXGroup section */
		A416DA17238EADA300933FC8 = {
			isa = PBXGroup;
			children = (
				A416DA22238EADA300933FC8 /* Todoey */,
				A416DA3C238EADA500933FC8 /* TodoeyTests */,
				A416DA47238EADA500933FC8 /* TodoeyUITests */,
				A416DA21238EADA300933FC8 /* Products */,
			);
			sourceTree = "<group>";
		};
		A416DA21238EADA300933FC8 /* Products */ = {
			isa = PBXGroup;
			children = (
				A416DA20238EADA300933FC8 /* Todoey.app */,
				A416DA39238EADA500933FC8 /* TodoeyTests.xctest */,
				A416DA44238EADA500933FC8 /* TodoeyUITests.xctest */,
			);
			name = Products;
			sourceTree = "<group>";
		};
		A416DA22238EADA300933FC8 /* Todoey */ = {
			isa = PBXGroup;
			children = (
				A416DA23238EADA300933FC8 /* AppDelegate.swift */,
				A416DA25238EADA300933FC8 /* SceneDelegate.swift */,
				A416DA27238EADA300933FC8 /* TodoListViewController.swift */,
				A416DA29238EADA300933FC8 /* Main.storyboard */,
				A416DA2F238EADA500933FC8 /* Assets.xcassets */,
				A416DA31238EADA500933FC8 /* LaunchScreen.storyboard */,
				A416DA34238EADA500933FC8 /* Info.plist */,
				A416DA2C238EADA300933FC8 /* Todoey.xcdatamodeld */,
			);
			path = Todoey;
			sourceTree = "<group>";
		};
		A416DA3C238EADA500933FC8 /* TodoeyTests */ = {
			isa = PBXGroup;
			children = (
				A416DA3D238EADA500933FC8 /* TodoeyTests.swift */,
				A416DA3F238EADA500933FC8 /* Info.plist */,
			);
			path = TodoeyTests;
			sourceTree = "<group>";
		};
		A416DA47238EADA500933FC8 /* TodoeyUITests */ = {
			isa = PBXGroup;
			children = (
				A416DA48238EADA500933FC8 /* TodoeyUITests.swift */,
				A416DA4A238EADA500933FC8 /* Info.plist */,
			);
			path = TodoeyUITests;
			sourceTree = "<group>";
		};
/* End PBXGroup section */

/* Begin PBXNativeTarget section */
		A416DA1F238EADA300933FC8 /* Todoey */ = {
			isa = PBXNativeTarget;
			buildConfigurationList = A416DA4D238EADA500933FC8 /* Build configuration list for PBXNativeTarget "Todoey" */;
			buildPhases = (
				A416DA1C238EADA300933FC8 /* Sources */,
				A416DA1D238EADA300933FC8 /* Frameworks */,
				A416DA1E238EADA300933FC8 /* Resources */,
			);
			buildRules = (
			);
			dependencies = (
			);
			name = Todoey;
			productName = Todoey;
			productReference = A416DA20238EADA300933FC8 /* Todoey.app */;
			productType = "com.apple.product-type.application";
		};
		A416DA38238EADA500933FC8 /* TodoeyTests */ = {
			isa = PBXNativeTarget;
			buildConfigurationList = A416DA50238EADA500933FC8 /* Build configuration list for PBXNativeTarget "TodoeyTests" */;
			buildPhases = (
				A416DA35238EADA500933FC8 /* Sources */,
				A416DA36238EADA500933FC8 /* Frameworks */,
				A416DA37238EADA500933FC8 /* Resources */,
			);
			buildRules = (
			);
			dependencies = (
				A416DA3B238EADA500933FC8 /* PBXTargetDependency */,
			);
			name = TodoeyTests;
			productName = TodoeyTests;
			productReference = A416DA39238EADA500933FC8 /* TodoeyTests.xctest */;
			productType = "com.apple.product-type.bundle.unit-test";
		};
		A416DA43238EADA500933FC8 /* TodoeyUITests */ = {
			isa = PBXNativeTarget;
			buildConfigurationList = A416DA53238EADA500933FC8 /* Build configuration list for PBXNativeTarget "TodoeyUITests" */;
			buildPhases = (
				A416DA40238EADA500933FC8 /* Sources */,
				A416DA41238EADA500933FC8 /* Frameworks */,
				A416DA42238EADA500933FC8 /* Resources */,
			);
			buildRules = (
			);
			dependencies = (
				A416DA46238EADA500933FC8 /* PBXTargetDependency */,
			);
			name = TodoeyUITests;
			productName = TodoeyUITests;
			productReference = A416DA44238EADA500933FC8 /* TodoeyUITests.xctest */;
			productType = "com.apple.product-type.bundle.ui-testing";
		};
/* End PBXNativeTarget section */

/* Begin PBXProject section */
		A416DA18238EADA300933FC8 /* Project object */ = {
			isa = PBXProject;
			attributes = {
				LastSwiftUpdateCheck = 1120;
				LastUpgradeCheck = 1120;
				ORGANIZATIONNAME = "顏禹文";
				TargetAttributes = {
					A416DA1F238EADA300933FC8 = {
						CreatedOnToolsVersion = 11.2.1;
					};
					A416DA38238EADA500933FC8 = {
						CreatedOnToolsVersion = 11.2.1;
						TestTargetID = A416DA1F238EADA300933FC8;
					};
					A416DA43238EADA500933FC8 = {
						CreatedOnToolsVersion = 11.2.1;
						TestTargetID = A416DA1F238EADA300933FC8;
					};
				};
			};
			buildConfigurationList = A416DA1B238EADA300933FC8 /* Build configuration list for PBXProject "Todoey" */;
			compatibilityVersion = "Xcode 9.3";
			developmentRegion = en;
			hasScannedForEncodings = 0;
			knownRegions = (
				en,
				Base,
			);
			mainGroup = A416DA17238EADA300933FC8;
			productRefGroup = A416DA21238EADA300933FC8 /* Products */;
			projectDirPath = "";
			projectRoot = "";
			targets = (
				A416DA1F238EADA300933FC8 /* Todoey */,
				A416DA38238EADA500933FC8 /* TodoeyTests */,
				A416DA43238EADA500933FC8 /* TodoeyUITests */,
			);
		};
/* End PBXProject section */

/* Begin PBXResourcesBuildPhase section */
		A416DA1E238EADA300933FC8 /* Resources */ = {
			isa = PBXResourcesBuildPhase;
			buildActionMask = 2147483647;
			files = (
				A416DA33238EADA500933FC8 /* LaunchScreen.storyboard in Resources */,
				A416DA30238EADA500933FC8 /* Assets.xcassets in Resources */,
				A416DA2B238EADA300933FC8 /* Main.storyboard in Resources */,
			);
			runOnlyForDeploymentPostprocessing = 0;
		};
		A416DA37238EADA500933FC8 /* Resources */ = {
			isa = PBXResourcesBuildPhase;
			buildActionMask = 2147483647;
			files = (
			);
			runOnlyForDeploymentPostprocessing = 0;
		};
		A416DA42238EADA500933FC8 /* Resources */ = {
			isa = PBXResourcesBuildPhase;
			buildActionMask = 2147483647;
			files = (
			);
			runOnlyForDeploymentPostprocessing = 0;
		};
/* End PBXResourcesBuildPhase section */

/* Begin PBXSourcesBuildPhase section */
		A416DA1C238EADA300933FC8 /* Sources */ = {
			isa = PBXSourcesBuildPhase;
			buildActionMask = 2147483647;
			files = (
				A416DA28238EADA300933FC8 /* TodoListViewController.swift in Sources */,
				A416DA24238EADA300933FC8 /* AppDelegate.swift in Sources */,
				A416DA26238EADA300933FC8 /* SceneDelegate.swift in Sources */,
				A416DA2E238EADA300933FC8 /* Todoey.xcdatamodeld in Sources */,
			);
			runOnlyForDeploymentPostprocessing = 0;
		};
		A416DA35238EADA500933FC8 /* Sources */ = {
			isa = PBXSourcesBuildPhase;
			buildActionMask = 2147483647;
			files = (
				A416DA3E238EADA500933FC8 /* TodoeyTests.swift in Sources */,
			);
			runOnlyForDeploymentPostprocessing = 0;
		};
		A416DA40238EADA500933FC8 /* Sources */ = {
			isa = PBXSourcesBuildPhase;
			buildActionMask = 2147483647;
			files = (
				A416DA49238EADA500933FC8 /* TodoeyUITests.swift in Sources */,
			);
			runOnlyForDeploymentPostprocessing = 0;
		};
/* End PBXSourcesBuildPhase section */

/* Begin PBXTargetDependency section */
		A416DA3B238EADA500933FC8 /* PBXTargetDependency */ = {
			isa = PBXTargetDependency;
			target = A416DA1F238EADA300933FC8 /* Todoey */;
			targetProxy = A416DA3A238EADA500933FC8 /* PBXContainerItemProxy */;
		};
		A416DA46238EADA500933FC8 /* PBXTargetDependency */ = {
			isa = PBXTargetDependency;
			target = A416DA1F238EADA300933FC8 /* Todoey */;
			targetProxy = A416DA45238EADA500933FC8 /* PBXContainerItemProxy */;
		};
/* End PBXTargetDependency section */

/* Begin PBXVariantGroup section */
		A416DA29238EADA300933FC8 /* Main.storyboard */ = {
			isa = PBXVariantGroup;
			children = (
				A416DA2A238EADA300933FC8 /* Base */,
			);
			name = Main.storyboard;
			sourceTree = "<group>";
		};
		A416DA31238EADA500933FC8 /* LaunchScreen.storyboard */ = {
			isa = PBXVariantGroup;
			children = (
				A416DA32238EADA500933FC8 /* Base */,
			);
			name = LaunchScreen.storyboard;
			sourceTree = "<group>";
		};
/* End PBXVariantGroup section */

/* Begin XCBuildConfiguration section */
		A416DA4B238EADA500933FC8 /* Debug */ = {
			isa = XCBuildConfiguration;
			buildSettings = {
				ALWAYS_SEARCH_USER_PATHS = NO;
				CLANG_ANALYZER_NONNULL = YES;
				CLANG_ANALYZER_NUMBER_OBJECT_CONVERSION = YES_AGGRESSIVE;
				CLANG_CXX_LANGUAGE_STANDARD = "gnu++14";
				CLANG_CXX_LIBRARY = "libc++";
				CLANG_ENABLE_MODULES = YES;
				CLANG_ENABLE_OBJC_ARC = YES;
				CLANG_ENABLE_OBJC_WEAK = YES;
				CLANG_WARN_BLOCK_CAPTURE_AUTORELEASING = YES;
				CLANG_WARN_BOOL_CONVERSION = YES;
				CLANG_WARN_COMMA = YES;
				CLANG_WARN_CONSTANT_CONVERSION = YES;
				CLANG_WARN_DEPRECATED_OBJC_IMPLEMENTATIONS = YES;
				CLANG_WARN_DIRECT_OBJC_ISA_USAGE = YES_ERROR;
				CLANG_WARN_DOCUMENTATION_COMMENTS = YES;
				CLANG_WARN_EMPTY_BODY = YES;
				CLANG_WARN_ENUM_CONVERSION = YES;
				CLANG_WARN_INFINITE_RECURSION = YES;
				CLANG_WARN_INT_CONVERSION = YES;
				CLANG_WARN_NON_LITERAL_NULL_CONVERSION = YES;
				CLANG_WARN_OBJC_IMPLICIT_RETAIN_SELF = YES;
				CLANG_WARN_OBJC_LITERAL_CONVERSION = YES;
				CLANG_WARN_OBJC_ROOT_CLASS = YES_ERROR;
				CLANG_WARN_RANGE_LOOP_ANALYSIS = YES;
				CLANG_WARN_STRICT_PROTOTYPES = YES;
				CLANG_WARN_SUSPICIOUS_MOVE = YES;
				CLANG_WARN_UNGUARDED_AVAILABILITY = YES_AGGRESSIVE;
				CLANG_WARN_UNREACHABLE_CODE = YES;
				CLANG_WARN__DUPLICATE_METHOD_MATCH = YES;
				COPY_PHASE_STRIP = NO;
				DEBUG_INFORMATION_FORMAT = dwarf;
				ENABLE_STRICT_OBJC_MSGSEND = YES;
				ENABLE_TESTABILITY = YES;
				GCC_C_LANGUAGE_STANDARD = gnu11;
				GCC_DYNAMIC_NO_PIC = NO;
				GCC_NO_COMMON_BLOCKS = YES;
				GCC_OPTIMIZATION_LEVEL = 0;
				GCC_PREPROCESSOR_DEFINITIONS = (
					"DEBUG=1",
					"$(inherited)",
				);
				GCC_WARN_64_TO_32_BIT_CONVERSION = YES;
				GCC_WARN_ABOUT_RETURN_TYPE = YES_ERROR;
				GCC_WARN_UNDECLARED_SELECTOR = YES;
				GCC_WARN_UNINITIALIZED_AUTOS = YES_AGGRESSIVE;
				GCC_WARN_UNUSED_FUNCTION = YES;
				GCC_WARN_UNUSED_VARIABLE = YES;
				IPHONEOS_DEPLOYMENT_TARGET = 13.2;
				MTL_ENABLE_DEBUG_INFO = INCLUDE_SOURCE;
				MTL_FAST_MATH = YES;
				ONLY_ACTIVE_ARCH = YES;
				SDKROOT = iphoneos;
				SWIFT_ACTIVE_COMPILATION_CONDITIONS = DEBUG;
				SWIFT_OPTIMIZATION_LEVEL = "-Onone";
			};
			name = Debug;
		};
		A416DA4C238EADA500933FC8 /* Release */ = {
			isa = XCBuildConfiguration;
			buildSettings = {
				ALWAYS_SEARCH_USER_PATHS = NO;
				CLANG_ANALYZER_NONNULL = YES;
				CLANG_ANALYZER_NUMBER_OBJECT_CONVERSION = YES_AGGRESSIVE;
				CLANG_CXX_LANGUAGE_STANDARD = "gnu++14";
				CLANG_CXX_LIBRARY = "libc++";
				CLANG_ENABLE_MODULES = YES;
				CLANG_ENABLE_OBJC_ARC = YES;
				CLANG_ENABLE_OBJC_WEAK = YES;
				CLANG_WARN_BLOCK_CAPTURE_AUTORELEASING = YES;
				CLANG_WARN_BOOL_CONVERSION = YES;
				CLANG_WARN_COMMA = YES;
				CLANG_WARN_CONSTANT_CONVERSION = YES;
				CLANG_WARN_DEPRECATED_OBJC_IMPLEMENTATIONS = YES;
				CLANG_WARN_DIRECT_OBJC_ISA_USAGE = YES_ERROR;
				CLANG_WARN_DOCUMENTATION_COMMENTS = YES;
				CLANG_WARN_EMPTY_BODY = YES;
				CLANG_WARN_ENUM_CONVERSION = YES;
				CLANG_WARN_INFINITE_RECURSION = YES;
				CLANG_WARN_INT_CONVERSION = YES;
				CLANG_WARN_NON_LITERAL_NULL_CONVERSION = YES;
				CLANG_WARN_OBJC_IMPLICIT_RETAIN_SELF = YES;
				CLANG_WARN_OBJC_LITERAL_CONVERSION = YES;
				CLANG_WARN_OBJC_ROOT_CLASS = YES_ERROR;
				CLANG_WARN_RANGE_LOOP_ANALYSIS = YES;
				CLANG_WARN_STRICT_PROTOTYPES = YES;
				CLANG_WARN_SUSPICIOUS_MOVE = YES;
				CLANG_WARN_UNGUARDED_AVAILABILITY = YES_AGGRESSIVE;
				CLANG_WARN_UNREACHABLE_CODE = YES;
				CLANG_WARN__DUPLICATE_METHOD_MATCH = YES;
				COPY_PHASE_STRIP = NO;
				DEBUG_INFORMATION_FORMAT = "dwarf-with-dsym";
				ENABLE_NS_ASSERTIONS = NO;
				ENABLE_STRICT_OBJC_MSGSEND = YES;
				GCC_C_LANGUAGE_STANDARD = gnu11;
				GCC_NO_COMMON_BLOCKS = YES;
				GCC_WARN_64_TO_32_BIT_CONVERSION = YES;
				GCC_WARN_ABOUT_RETURN_TYPE = YES_ERROR;
				GCC_WARN_UNDECLARED_SELECTOR = YES;
				GCC_WARN_UNINITIALIZED_AUTOS = YES_AGGRESSIVE;
				GCC_WARN_UNUSED_FUNCTION = YES;
				GCC_WARN_UNUSED_VARIABLE = YES;
				IPHONEOS_DEPLOYMENT_TARGET = 13.2;
				MTL_ENABLE_DEBUG_INFO = NO;
				MTL_FAST_MATH = YES;
				SDKROOT = iphoneos;
				SWIFT_COMPILATION_MODE = wholemodule;
				SWIFT_OPTIMIZATION_LEVEL = "-O";
				VALIDATE_PRODUCT = YES;
			};
			name = Release;
		};
		A416DA4E238EADA500933FC8 /* Debug */ = {
			isa = XCBuildConfiguration;
			buildSettings = {
				ASSETCATALOG_COMPILER_APPICON_NAME = AppIcon;
				CODE_SIGN_STYLE = Automatic;
				DEVELOPMENT_TEAM = 5S3HZH8L67;
				INFOPLIST_FILE = Todoey/Info.plist;
				LD_RUNPATH_SEARCH_PATHS = (
					"$(inherited)",
					"@executable_path/Frameworks",
				);
				PRODUCT_BUNDLE_IDENTIFIER = com.yuwen.Todoey;
				PRODUCT_NAME = "$(TARGET_NAME)";
				SWIFT_VERSION = 5.0;
				TARGETED_DEVICE_FAMILY = "1,2";
			};
			name = Debug;
		};
		A416DA4F238EADA500933FC8 /* Release */ = {
			isa = XCBuildConfiguration;
			buildSettings = {
				ASSETCATALOG_COMPILER_APPICON_NAME = AppIcon;
				CODE_SIGN_STYLE = Automatic;
				DEVELOPMENT_TEAM = 5S3HZH8L67;
				INFOPLIST_FILE = Todoey/Info.plist;
				LD_RUNPATH_SEARCH_PATHS = (
					"$(inherited)",
					"@executable_path/Frameworks",
				);
				PRODUCT_BUNDLE_IDENTIFIER = com.yuwen.Todoey;
				PRODUCT_NAME = "$(TARGET_NAME)";
				SWIFT_VERSION = 5.0;
				TARGETED_DEVICE_FAMILY = "1,2";
			};
			name = Release;
		};
		A416DA51238EADA500933FC8 /* Debug */ = {
			isa = XCBuildConfiguration;
			buildSettings = {
				ALWAYS_EMBED_SWIFT_STANDARD_LIBRARIES = YES;
				BUNDLE_LOADER = "$(TEST_HOST)";
				CODE_SIGN_STYLE = Automatic;
				DEVELOPMENT_TEAM = 5S3HZH8L67;
				INFOPLIST_FILE = TodoeyTests/Info.plist;
				IPHONEOS_DEPLOYMENT_TARGET = 13.2;
				LD_RUNPATH_SEARCH_PATHS = (
					"$(inherited)",
					"@executable_path/Frameworks",
					"@loader_path/Frameworks",
				);
				PRODUCT_BUNDLE_IDENTIFIER = com.yuwen.TodoeyTests;
				PRODUCT_NAME = "$(TARGET_NAME)";
				SWIFT_VERSION = 5.0;
				TARGETED_DEVICE_FAMILY = "1,2";
				TEST_HOST = "$(BUILT_PRODUCTS_DIR)/Todoey.app/Todoey";
			};
			name = Debug;
		};
		A416DA52238EADA500933FC8 /* Release */ = {
			isa = XCBuildConfiguration;
			buildSettings = {
				ALWAYS_EMBED_SWIFT_STANDARD_LIBRARIES = YES;
				BUNDLE_LOADER = "$(TEST_HOST)";
				CODE_SIGN_STYLE = Automatic;
				DEVELOPMENT_TEAM = 5S3HZH8L67;
				INFOPLIST_FILE = TodoeyTests/Info.plist;
				IPHONEOS_DEPLOYMENT_TARGET = 13.2;
				LD_RUNPATH_SEARCH_PATHS = (
					"$(inherited)",
					"@executable_path/Frameworks",
					"@loader_path/Frameworks",
				);
				PRODUCT_BUNDLE_IDENTIFIER = com.yuwen.TodoeyTests;
				PRODUCT_NAME = "$(TARGET_NAME)";
				SWIFT_VERSION = 5.0;
				TARGETED_DEVICE_FAMILY = "1,2";
				TEST_HOST = "$(BUILT_PRODUCTS_DIR)/Todoey.app/Todoey";
			};
			name = Release;
		};
		A416DA54238EADA500933FC8 /* Debug */ = {
			isa = XCBuildConfiguration;
			buildSettings = {
				ALWAYS_EMBED_SWIFT_STANDARD_LIBRARIES = YES;
				CODE_SIGN_STYLE = Automatic;
				DEVELOPMENT_TEAM = 5S3HZH8L67;
				INFOPLIST_FILE = TodoeyUITests/Info.plist;
				LD_RUNPATH_SEARCH_PATHS = (
					"$(inherited)",
					"@executable_path/Frameworks",
					"@loader_path/Frameworks",
				);
				PRODUCT_BUNDLE_IDENTIFIER = com.yuwen.TodoeyUITests;
				PRODUCT_NAME = "$(TARGET_NAME)";
				SWIFT_VERSION = 5.0;
				TARGETED_DEVICE_FAMILY = "1,2";
				TEST_TARGET_NAME = Todoey;
			};
			name = Debug;
		};
		A416DA55238EADA500933FC8 /* Release */ = {
			isa = XCBuildConfiguration;
			buildSettings = {
				ALWAYS_EMBED_SWIFT_STANDARD_LIBRARIES = YES;
				CODE_SIGN_STYLE = Automatic;
				DEVELOPMENT_TEAM = 5S3HZH8L67;
				INFOPLIST_FILE = TodoeyUITests/Info.plist;
				LD_RUNPATH_SEARCH_PATHS = (
					"$(inherited)",
					"@executable_path/Frameworks",
					"@loader_path/Frameworks",
				);
				PRODUCT_BUNDLE_IDENTIFIER = com.yuwen.TodoeyUITests;
				PRODUCT_NAME = "$(TARGET_NAME)";
				SWIFT_VERSION = 5.0;
				TARGETED_DEVICE_FAMILY = "1,2";
				TEST_TARGET_NAME = Todoey;
			};
			name = Release;
		};
/* End XCBuildConfiguration section */

/* Begin XCConfigurationList section */
		A416DA1B238EADA300933FC8 /* Build configuration list for PBXProject "Todoey" */ = {
			isa = XCConfigurationList;
			buildConfigurations = (
				A416DA4B238EADA500933FC8 /* Debug */,
				A416DA4C238EADA500933FC8 /* Release */,
			);
			defaultConfigurationIsVisible = 0;
			defaultConfigurationName = Release;
		};
		A416DA4D238EADA500933FC8 /* Build configuration list for PBXNativeTarget "Todoey" */ = {
			isa = XCConfigurationList;
			buildConfigurations = (
				A416DA4E238EADA500933FC8 /* Debug */,
				A416DA4F238EADA500933FC8 /* Release */,
			);
			defaultConfigurationIsVisible = 0;
			defaultConfigurationName = Release;
		};
		A416DA50238EADA500933FC8 /* Build configuration list for PBXNativeTarget "TodoeyTests" */ = {
			isa = XCConfigurationList;
			buildConfigurations = (
				A416DA51238EADA500933FC8 /* Debug */,
				A416DA52238EADA500933FC8 /* Release */,
			);
			defaultConfigurationIsVisible = 0;
			defaultConfigurationName = Release;
		};
		A416DA53238EADA500933FC8 /* Build configuration list for PBXNativeTarget "TodoeyUITests" */ = {
			isa = XCConfigurationList;
			buildConfigurations = (
				A416DA54238EADA500933FC8 /* Debug */,
				A416DA55238EADA500933FC8 /* Release */,
			);
			defaultConfigurationIsVisible = 0;
			defaultConfigurationName = Release;
		};
/* End XCConfigurationList section */

/* Begin XCVersionGroup section */
		A416DA2C238EADA300933FC8 /* Todoey.xcdatamodeld */ = {
			isa = XCVersionGroup;
			children = (
				A416DA2D238EADA300933FC8 /* Todoey.xcdatamodel */,
			);
			currentVersion = A416DA2D238EADA300933FC8 /* Todoey.xcdatamodel */;
			path = Todoey.xcdatamodeld;
			sourceTree = "<group>";
			versionGroupType = wrapper.xcdatamodel;
		};
/* End XCVersionGroup section */
	};
	rootObject = A416DA18238EADA300933FC8 /* Project object */;
}
